
Microsoft Visual Studio Solution File, Format Version 12.00
# Visual Studio Version 16
VisualStudioVersion = 16.0.32228.343
MinimumVisualStudioVersion = 10.0.40219.1
Project("{8BC9CEB8-8B4A-11D0-8D11-00A0C91BC942}") = "Chap3-02", "Chap3-02\Chap3-02.vcxproj", "{519070C9-8760-4354-A0C6-A70D08AA1601}"
EndProject
Project("{8BC9CEB8-8B4A-11D0-8D11-00A0C91BC942}") = "Chap3-03", "Chap3-03\Chap3-03.vcxproj", "{ADEB56B2-69E5-4EC6-BE3B-55C60F7D6448}"
EndProject
Project("{8BC9CEB8-8B4A-11D0-8D11-00A0C91BC942}") = "Chap2-01", "Chap2-01\Chap2-01.vcxproj", "{7B14D221-4CD3-43E7-90EE-F199C40FD1AC}"
EndProject
Project("{8BC9CEB8-8B4A-11D0-8D11-00A0C91BC942}") = "Chap2-02", "Chap2-02\Chap2-02.vcxproj", "{FB807D60-6981-4381-9CA3-AE6933F62488}"
EndProject
Project("{8BC9CEB8-8B4A-11D0-8D11-00A0C91BC942}") = "Chap2-03", "Chap2-03\Chap2-03.vcxproj", "{7020F5A8-6AFA-4C6D-A0BC-D50791CFB3FC}"
EndProject
Project("{8BC9CEB8-8B4A-11D0-8D11-00A0C91BC942}") = "Chap2-04", "Chap2-04\Chap2-04.vcxproj", "{30715A55-1384-4414-B1E0-F41671DE9A83}"
EndProject
Project("{8BC9CEB8-8B4A-11D0-8D11-00A0C91BC942}") = "Chap2-05", "Chap2-05\Chap2-05.vcxproj", "{C8B660FE-EBA9-4976-8CA8-660FC40A3652}"
EndProject
Project("{8BC9CEB8-8B4A-11D0-8D11-00A0C91BC942}") = "Chap2-08", "Chap2-08\Chap2-08.vcxproj", "{BC661FB9-934A-4E68-B4A4-176A24D0988A}"
EndProject
Project("{8BC9CEB8-8B4A-11D0-8D11-00A0C91BC942}") = "Chap2-09", "Chap2-09\Chap2-09.vcxproj", "{82D65A73-20E6-4318-AD15-3A8C7784B0ED}"
EndProject
Project("{8BC9CEB8-8B4A-11D0-8D11-00A0C91BC942}") = "Chap2-10", "Chap2-10\Chap2-10.vcxproj", "{E8858CEA-C9F3-4581-94BB-8080CA4E90A5}"
EndProject
Project("{8BC9CEB8-8B4A-11D0-8D11-00A0C91BC942}") = "Chap2-10-A1", "Chap2-10-A1\Chap2-10-A1.vcxproj", "{C3FCCA72-50A7-4972-B5DA-78B065244942}"
EndProject
Project("{8BC9CEB8-8B4A-11D0-8D11-00A0C91BC942}") = "Chap2-11", "Chap2-11\Chap2-11.vcxproj", "{5B1DD9CC-07A3-4F31-AF48-470646FB69FA}"
EndProject
Project("{8BC9CEB8-8B4A-11D0-8D11-00A0C91BC942}") = "Chap2-12", "Chap2-12\Chap2-12.vcxproj", "{4D10326D-1398-4D4D-9713-5A997675A0BD}"
EndProject
Project("{8BC9CEB8-8B4A-11D0-8D11-00A0C91BC942}") = "Chap2-13", "Chap2-13\Chap2-13.vcxproj", "{CBFA8F1A-C0DA-44C8-B1C6-59A7F641E183}"
EndProject
Project("{8BC9CEB8-8B4A-11D0-8D11-00A0C91BC942}") = "Chap2-14", "Chap2-14\Chap2-14.vcxproj", "{7C96CAA9-D5B8-47A1-8C8C-4A2F8F436542}"
EndProject
Project("{8BC9CEB8-8B4A-11D0-8D11-00A0C91BC942}") = "Chap2-15", "Chap2-15\Chap2-15.vcxproj", "{D7399405-15A3-41B0-8E54-337FA62AB58C}"
EndProject
Project("{8BC9CEB8-8B4A-11D0-8D11-00A0C91BC942}") = "Chap2-15-A1", "Chap2-15-A1\Chap2-15-A1.vcxproj", "{101AC15E-5384-463B-9DF3-B9C5A09FCDFC}"
EndProject
Project("{8BC9CEB8-8B4A-11D0-8D11-00A0C91BC942}") = "Chap2-16", "Chap2-16\Chap2-16.vcxproj", "{70811F88-4591-4934-9D6B-97A087A059C6}"
EndProject
Project("{8BC9CEB8-8B4A-11D0-8D11-00A0C91BC942}") = "Chap3-01", "Chap3-01\Chap3-01.vcxproj", "{A9FA8A2A-5B4C-44E2-B447-83BE62397D0E}"
EndProject
Project("{8BC9CEB8-8B4A-11D0-8D11-00A0C91BC942}") = "Chap3-02-A1", "Chap3-02-A1\Chap3-02-A1.vcxproj", "{4CF1B77C-051C-4AC5-AC72-912B28EFBB3A}"
EndProject
Project("{8BC9CEB8-8B4A-11D0-8D11-00A0C91BC942}") = "Chap3-05", "Chap3-05\Chap3-05.vcxproj", "{7555E46B-318C-4F72-BAE4-029ED6D3698A}"
EndProject
Project("{8BC9CEB8-8B4A-11D0-8D11-00A0C91BC942}") = "Chap3-06", "Chap3-06\Chap3-06.vcxproj", "{FD432896-53E6-421B-9691-AA22AB10CE13}"
EndProject
Project("{8BC9CEB8-8B4A-11D0-8D11-00A0C91BC942}") = "Chap3-07", "Chap3-07\Chap3-07.vcxproj", "{B9A7B632-C794-4D8D-A659-6FEFC5553F92}"
EndProject
Project("{8BC9CEB8-8B4A-11D0-8D11-00A0C91BC942}") = "Chap4-11", "Chap4-11\Chap4-11.vcxproj", "{05696EEF-62E6-4D9B-9110-3E798538906F}"
EndProject
Project("{8BC9CEB8-8B4A-11D0-8D11-00A0C91BC942}") = "Chap4-01", "Chap4-01\Chap4-01.vcxproj", "{50FD8E79-2633-415B-8D8A-DB3872458BFA}"
EndProject
Project("{8BC9CEB8-8B4A-11D0-8D11-00A0C91BC942}") = "Chap4-02", "Chap4-02\Chap4-02.vcxproj", "{CC1F4C90-D658-4584-A29D-96ECCFB2500B}"
EndProject
Project("{8BC9CEB8-8B4A-11D0-8D11-00A0C91BC942}") = "Chap4-03-01", "Chap4-03-01\Chap4-03-01.vcxproj", "{7F61119D-F5DD-4639-9DB7-E69D7D1D478A}"
EndProject
Project("{8BC9CEB8-8B4A-11D0-8D11-00A0C91BC942}") = "Chap4-03-02", "Chap4-03-02\Chap4-03-02.vcxproj", "{6281DB87-8EFF-4DC3-BAB7-8959CACC44A6}"
EndProject
Project("{8BC9CEB8-8B4A-11D0-8D11-00A0C91BC942}") = "Chap4-04", "Chap4-04\Chap4-04.vcxproj", "{EBCA844E-4538-4F79-AD65-A5D45E89585C}"
EndProject
Project("{8BC9CEB8-8B4A-11D0-8D11-00A0C91BC942}") = "Chap5-11-04", "Chap5-11-04\Chap5-11-04.vcxproj", "{27200C92-75BD-4CF0-98F5-27535A2B6415}"
EndProject
Project("{8BC9CEB8-8B4A-11D0-8D11-00A0C91BC942}") = "Chap5-11-03", "Chap5-11-03\Chap5-11-03.vcxproj", "{46F0A546-49A5-4D9B-B260-3035ACF2B3E6}"
EndProject
Project("{8BC9CEB8-8B4A-11D0-8D11-00A0C91BC942}") = "Chap5-12", "Chap5-12\Chap5-12.vcxproj", "{2F432EC4-AD31-4E5D-A64F-776FE71F4C0B}"
EndProject
Project("{8BC9CEB8-8B4A-11D0-8D11-00A0C91BC942}") = "Chap5-07", "Chap5-07\Chap5-07.vcxproj", "{A2258A6D-3427-4ADA-A24E-D59B2F86BF61}"
EndProject
Project("{8BC9CEB8-8B4A-11D0-8D11-00A0C91BC942}") = "Chap5-08", "Chap5-08\Chap5-08.vcxproj", "{577EC648-4C4F-4143-AA2B-F191DDE39206}"
EndProject
Project("{8BC9CEB8-8B4A-11D0-8D11-00A0C91BC942}") = "Chap6-06", "Chap6-06\Chap6-06.vcxproj", "{AB6FD9DC-3DEF-4D7F-8560-9B703D4A19DC}"
EndProject
Project("{8BC9CEB8-8B4A-11D0-8D11-00A0C91BC942}") = "Chap6-07", "Chap6-07\Chap6-07.vcxproj", "{45353CDD-E4FD-44BA-94E8-6E1205EB9DA4}"
EndProject
Project("{8BC9CEB8-8B4A-11D0-8D11-00A0C91BC942}") = "Chap6-08", "Chap6-08\Chap6-08.vcxproj", "{73F8BC97-9348-4D6A-88A0-81121E528FA8}"
EndProject
Project("{8BC9CEB8-8B4A-11D0-8D11-00A0C91BC942}") = "Chap6-09", "Chap6-09\Chap6-09.vcxproj", "{6F1437F2-99EE-43C3-A9F7-CF93B9E207F7}"
EndProject
Project("{8BC9CEB8-8B4A-11D0-8D11-00A0C91BC942}") = "Chap7-08", "Chap7-08\Chap7-08.vcxproj", "{71EF7816-BA40-46DD-AC8A-386A14E89857}"
EndProject
Project("{8BC9CEB8-8B4A-11D0-8D11-00A0C91BC942}") = "Chap7-09", "Chap7-09\Chap7-09.vcxproj", "{2EF9F0C6-B94D-4FDD-B366-6DC1C6083CA4}"
EndProject
Project("{8BC9CEB8-8B4A-11D0-8D11-00A0C91BC942}") = "Chap7-10", "Chap7-10\Chap7-10.vcxproj", "{01FE2128-ED96-4D3E-A97C-6A8F3BCC525E}"
EndProject
Project("{8BC9CEB8-8B4A-11D0-8D11-00A0C91BC942}") = "Chap7-11", "Chap7-11\Chap7-11.vcxproj", "{35B382F6-A167-46FE-8489-ABC448C67497}"
EndProject
Project("{8BC9CEB8-8B4A-11D0-8D11-00A0C91BC942}") = "Chap7-12", "Chap7-12\Chap7-12.vcxproj", "{3E7BFC2C-93D3-4921-9394-9EBDC28BDE23}"
EndProject
Project("{8BC9CEB8-8B4A-11D0-8D11-00A0C91BC942}") = "Chap8-09", "Chap8-09\Chap8-09.vcxproj", "{9ABFE8FA-01B5-43C2-80DE-67ACECF3C14D}"
EndProject
Project("{8BC9CEB8-8B4A-11D0-8D11-00A0C91BC942}") = "Chap9-03", "Chap9-03\Chap9-03.vcxproj", "{42266853-929E-4D3E-BBEA-67B9248E8B34}"
EndProject
Project("{8BC9CEB8-8B4A-11D0-8D11-00A0C91BC942}") = "Chap9-06", "Chap9-06\Chap9-06.vcxproj", "{36A973D4-79E7-4F4E-B26D-B6A5CFCD1B04}"
EndProject
Project("{8BC9CEB8-8B4A-11D0-8D11-00A0C91BC942}") = "Chap9-10", "Chap9-10\Chap9-10.vcxproj", "{3B40117C-D0FD-44FE-B3AE-B34A46E88506}"
EndProject
Project("{8BC9CEB8-8B4A-11D0-8D11-00A0C91BC942}") = "Chap10-02", "Chap10-02\Chap10-02.vcxproj", "{B3897CB8-A6D3-4FB5-9127-0BDE8969C255}"
EndProject
Global
	GlobalSection(SolutionConfigurationPlatforms) = preSolution
		Debug|x64 = Debug|x64
		Debug|x86 = Debug|x86
		Release|x64 = Release|x64
		Release|x86 = Release|x86
	EndGlobalSection
	GlobalSection(ProjectConfigurationPlatforms) = postSolution
		{519070C9-8760-4354-A0C6-A70D08AA1601}.Debug|x64.ActiveCfg = Debug|x64
		{519070C9-8760-4354-A0C6-A70D08AA1601}.Debug|x64.Build.0 = Debug|x64
		{519070C9-8760-4354-A0C6-A70D08AA1601}.Debug|x86.ActiveCfg = Debug|Win32
		{519070C9-8760-4354-A0C6-A70D08AA1601}.Debug|x86.Build.0 = Debug|Win32
		{519070C9-8760-4354-A0C6-A70D08AA1601}.Release|x64.ActiveCfg = Release|x64
		{519070C9-8760-4354-A0C6-A70D08AA1601}.Release|x64.Build.0 = Release|x64
		{519070C9-8760-4354-A0C6-A70D08AA1601}.Release|x86.ActiveCfg = Release|Win32
		{519070C9-8760-4354-A0C6-A70D08AA1601}.Release|x86.Build.0 = Release|Win32
		{ADEB56B2-69E5-4EC6-BE3B-55C60F7D6448}.Debug|x64.ActiveCfg = Debug|x64
		{ADEB56B2-69E5-4EC6-BE3B-55C60F7D6448}.Debug|x64.Build.0 = Debug|x64
		{ADEB56B2-69E5-4EC6-BE3B-55C60F7D6448}.Debug|x86.ActiveCfg = Debug|Win32
		{ADEB56B2-69E5-4EC6-BE3B-55C60F7D6448}.Debug|x86.Build.0 = Debug|Win32
		{ADEB56B2-69E5-4EC6-BE3B-55C60F7D6448}.Release|x64.ActiveCfg = Release|x64
		{ADEB56B2-69E5-4EC6-BE3B-55C60F7D6448}.Release|x64.Build.0 = Release|x64
		{ADEB56B2-69E5-4EC6-BE3B-55C60F7D6448}.Release|x86.ActiveCfg = Release|Win32
		{ADEB56B2-69E5-4EC6-BE3B-55C60F7D6448}.Release|x86.Build.0 = Release|Win32
		{7B14D221-4CD3-43E7-90EE-F199C40FD1AC}.Debug|x64.ActiveCfg = Debug|x64
		{7B14D221-4CD3-43E7-90EE-F199C40FD1AC}.Debug|x64.Build.0 = Debug|x64
		{7B14D221-4CD3-43E7-90EE-F199C40FD1AC}.Debug|x86.ActiveCfg = Debug|Win32
		{7B14D221-4CD3-43E7-90EE-F199C40FD1AC}.Debug|x86.Build.0 = Debug|Win32
		{7B14D221-4CD3-43E7-90EE-F199C40FD1AC}.Release|x64.ActiveCfg = Release|x64
		{7B14D221-4CD3-43E7-90EE-F199C40FD1AC}.Release|x64.Build.0 = Release|x64
		{7B14D221-4CD3-43E7-90EE-F199C40FD1AC}.Release|x86.ActiveCfg = Release|Win32
		{7B14D221-4CD3-43E7-90EE-F199C40FD1AC}.Release|x86.Build.0 = Release|Win32
		{FB807D60-6981-4381-9CA3-AE6933F62488}.Debug|x64.ActiveCfg = Debug|x64
		{FB807D60-6981-4381-9CA3-AE6933F62488}.Debug|x64.Build.0 = Debug|x64
		{FB807D60-6981-4381-9CA3-AE6933F62488}.Debug|x86.ActiveCfg = Debug|Win32
		{FB807D60-6981-4381-9CA3-AE6933F62488}.Debug|x86.Build.0 = Debug|Win32
		{FB807D60-6981-4381-9CA3-AE6933F62488}.Release|x64.ActiveCfg = Release|x64
		{FB807D60-6981-4381-9CA3-AE6933F62488}.Release|x64.Build.0 = Release|x64
		{FB807D60-6981-4381-9CA3-AE6933F62488}.Release|x86.ActiveCfg = Release|Win32
		{FB807D60-6981-4381-9CA3-AE6933F62488}.Release|x86.Build.0 = Release|Win32
		{7020F5A8-6AFA-4C6D-A0BC-D50791CFB3FC}.Debug|x64.ActiveCfg = Debug|x64
		{7020F5A8-6AFA-4C6D-A0BC-D50791CFB3FC}.Debug|x64.Build.0 = Debug|x64
		{7020F5A8-6AFA-4C6D-A0BC-D50791CFB3FC}.Debug|x86.ActiveCfg = Debug|Win32
		{7020F5A8-6AFA-4C6D-A0BC-D50791CFB3FC}.Debug|x86.Build.0 = Debug|Win32
		{7020F5A8-6AFA-4C6D-A0BC-D50791CFB3FC}.Release|x64.ActiveCfg = Release|x64
		{7020F5A8-6AFA-4C6D-A0BC-D50791CFB3FC}.Release|x64.Build.0 = Release|x64
		{7020F5A8-6AFA-4C6D-A0BC-D50791CFB3FC}.Release|x86.ActiveCfg = Release|Win32
		{7020F5A8-6AFA-4C6D-A0BC-D50791CFB3FC}.Release|x86.Build.0 = Release|Win32
		{30715A55-1384-4414-B1E0-F41671DE9A83}.Debug|x64.ActiveCfg = Debug|x64
		{30715A55-1384-4414-B1E0-F41671DE9A83}.Debug|x64.Build.0 = Debug|x64
		{30715A55-1384-4414-B1E0-F41671DE9A83}.Debug|x86.ActiveCfg = Debug|Win32
		{30715A55-1384-4414-B1E0-F41671DE9A83}.Debug|x86.Build.0 = Debug|Win32
		{30715A55-1384-4414-B1E0-F41671DE9A83}.Release|x64.ActiveCfg = Release|x64
		{30715A55-1384-4414-B1E0-F41671DE9A83}.Release|x64.Build.0 = Release|x64
		{30715A55-1384-4414-B1E0-F41671DE9A83}.Release|x86.ActiveCfg = Release|Win32
		{30715A55-1384-4414-B1E0-F41671DE9A83}.Release|x86.Build.0 = Release|Win32
		{C8B660FE-EBA9-4976-8CA8-660FC40A3652}.Debug|x64.ActiveCfg = Debug|x64
		{C8B660FE-EBA9-4976-8CA8-660FC40A3652}.Debug|x64.Build.0 = Debug|x64
		{C8B660FE-EBA9-4976-8CA8-660FC40A3652}.Debug|x86.ActiveCfg = Debug|Win32
		{C8B660FE-EBA9-4976-8CA8-660FC40A3652}.Debug|x86.Build.0 = Debug|Win32
		{C8B660FE-EBA9-4976-8CA8-660FC40A3652}.Release|x64.ActiveCfg = Release|x64
		{C8B660FE-EBA9-4976-8CA8-660FC40A3652}.Release|x64.Build.0 = Release|x64
		{C8B660FE-EBA9-4976-8CA8-660FC40A3652}.Release|x86.ActiveCfg = Release|Win32
		{C8B660FE-EBA9-4976-8CA8-660FC40A3652}.Release|x86.Build.0 = Release|Win32
		{BC661FB9-934A-4E68-B4A4-176A24D0988A}.Debug|x64.ActiveCfg = Debug|x64
		{BC661FB9-934A-4E68-B4A4-176A24D0988A}.Debug|x64.Build.0 = Debug|x64
		{BC661FB9-934A-4E68-B4A4-176A24D0988A}.Debug|x86.ActiveCfg = Debug|Win32
		{BC661FB9-934A-4E68-B4A4-176A24D0988A}.Debug|x86.Build.0 = Debug|Win32
		{BC661FB9-934A-4E68-B4A4-176A24D0988A}.Release|x64.ActiveCfg = Release|x64
		{BC661FB9-934A-4E68-B4A4-176A24D0988A}.Release|x64.Build.0 = Release|x64
		{BC661FB9-934A-4E68-B4A4-176A24D0988A}.Release|x86.ActiveCfg = Release|Win32
		{BC661FB9-934A-4E68-B4A4-176A24D0988A}.Release|x86.Build.0 = Release|Win32
		{82D65A73-20E6-4318-AD15-3A8C7784B0ED}.Debug|x64.ActiveCfg = Debug|x64
		{82D65A73-20E6-4318-AD15-3A8C7784B0ED}.Debug|x64.Build.0 = Debug|x64
		{82D65A73-20E6-4318-AD15-3A8C7784B0ED}.Debug|x86.ActiveCfg = Debug|Win32
		{82D65A73-20E6-4318-AD15-3A8C7784B0ED}.Debug|x86.Build.0 = Debug|Win32
		{82D65A73-20E6-4318-AD15-3A8C7784B0ED}.Release|x64.ActiveCfg = Release|x64
		{82D65A73-20E6-4318-AD15-3A8C7784B0ED}.Release|x64.Build.0 = Release|x64
		{82D65A73-20E6-4318-AD15-3A8C7784B0ED}.Release|x86.ActiveCfg = Release|Win32
		{82D65A73-20E6-4318-AD15-3A8C7784B0ED}.Release|x86.Build.0 = Release|Win32
		{E8858CEA-C9F3-4581-94BB-8080CA4E90A5}.Debug|x64.ActiveCfg = Debug|x64
		{E8858CEA-C9F3-4581-94BB-8080CA4E90A5}.Debug|x64.Build.0 = Debug|x64
		{E8858CEA-C9F3-4581-94BB-8080CA4E90A5}.Debug|x86.ActiveCfg = Debug|Win32
		{E8858CEA-C9F3-4581-94BB-8080CA4E90A5}.Debug|x86.Build.0 = Debug|Win32
		{E8858CEA-C9F3-4581-94BB-8080CA4E90A5}.Release|x64.ActiveCfg = Release|x64
		{E8858CEA-C9F3-4581-94BB-8080CA4E90A5}.Release|x64.Build.0 = Release|x64
		{E8858CEA-C9F3-4581-94BB-8080CA4E90A5}.Release|x86.ActiveCfg = Release|Win32
		{E8858CEA-C9F3-4581-94BB-8080CA4E90A5}.Release|x86.Build.0 = Release|Win32
		{C3FCCA72-50A7-4972-B5DA-78B065244942}.Debug|x64.ActiveCfg = Debug|x64
		{C3FCCA72-50A7-4972-B5DA-78B065244942}.Debug|x64.Build.0 = Debug|x64
		{C3FCCA72-50A7-4972-B5DA-78B065244942}.Debug|x86.ActiveCfg = Debug|Win32
		{C3FCCA72-50A7-4972-B5DA-78B065244942}.Debug|x86.Build.0 = Debug|Win32
		{C3FCCA72-50A7-4972-B5DA-78B065244942}.Release|x64.ActiveCfg = Release|x64
		{C3FCCA72-50A7-4972-B5DA-78B065244942}.Release|x64.Build.0 = Release|x64
		{C3FCCA72-50A7-4972-B5DA-78B065244942}.Release|x86.ActiveCfg = Release|Win32
		{C3FCCA72-50A7-4972-B5DA-78B065244942}.Release|x86.Build.0 = Release|Win32
		{5B1DD9CC-07A3-4F31-AF48-470646FB69FA}.Debug|x64.ActiveCfg = Debug|x64
		{5B1DD9CC-07A3-4F31-AF48-470646FB69FA}.Debug|x64.Build.0 = Debug|x64
		{5B1DD9CC-07A3-4F31-AF48-470646FB69FA}.Debug|x86.ActiveCfg = Debug|Win32
		{5B1DD9CC-07A3-4F31-AF48-470646FB69FA}.Debug|x86.Build.0 = Debug|Win32
		{5B1DD9CC-07A3-4F31-AF48-470646FB69FA}.Release|x64.ActiveCfg = Release|x64
		{5B1DD9CC-07A3-4F31-AF48-470646FB69FA}.Release|x64.Build.0 = Release|x64
		{5B1DD9CC-07A3-4F31-AF48-470646FB69FA}.Release|x86.ActiveCfg = Release|Win32
		{5B1DD9CC-07A3-4F31-AF48-470646FB69FA}.Release|x86.Build.0 = Release|Win32
		{4D10326D-1398-4D4D-9713-5A997675A0BD}.Debug|x64.ActiveCfg = Debug|x64
		{4D10326D-1398-4D4D-9713-5A997675A0BD}.Debug|x64.Build.0 = Debug|x64
		{4D10326D-1398-4D4D-9713-5A997675A0BD}.Debug|x86.ActiveCfg = Debug|Win32
		{4D10326D-1398-4D4D-9713-5A997675A0BD}.Debug|x86.Build.0 = Debug|Win32
		{4D10326D-1398-4D4D-9713-5A997675A0BD}.Release|x64.ActiveCfg = Release|x64
		{4D10326D-1398-4D4D-9713-5A997675A0BD}.Release|x64.Build.0 = Release|x64
		{4D10326D-1398-4D4D-9713-5A997675A0BD}.Release|x86.ActiveCfg = Release|Win32
		{4D10326D-1398-4D4D-9713-5A997675A0BD}.Release|x86.Build.0 = Release|Win32
		{CBFA8F1A-C0DA-44C8-B1C6-59A7F641E183}.Debug|x64.ActiveCfg = Debug|x64
		{CBFA8F1A-C0DA-44C8-B1C6-59A7F641E183}.Debug|x64.Build.0 = Debug|x64
		{CBFA8F1A-C0DA-44C8-B1C6-59A7F641E183}.Debug|x86.ActiveCfg = Debug|Win32
		{CBFA8F1A-C0DA-44C8-B1C6-59A7F641E183}.Debug|x86.Build.0 = Debug|Win32
		{CBFA8F1A-C0DA-44C8-B1C6-59A7F641E183}.Release|x64.ActiveCfg = Release|x64
		{CBFA8F1A-C0DA-44C8-B1C6-59A7F641E183}.Release|x64.Build.0 = Release|x64
		{CBFA8F1A-C0DA-44C8-B1C6-59A7F641E183}.Release|x86.ActiveCfg = Release|Win32
		{CBFA8F1A-C0DA-44C8-B1C6-59A7F641E183}.Release|x86.Build.0 = Release|Win32
		{7C96CAA9-D5B8-47A1-8C8C-4A2F8F436542}.Debug|x64.ActiveCfg = Debug|x64
		{7C96CAA9-D5B8-47A1-8C8C-4A2F8F436542}.Debug|x64.Build.0 = Debug|x64
		{7C96CAA9-D5B8-47A1-8C8C-4A2F8F436542}.Debug|x86.ActiveCfg = Debug|Win32
		{7C96CAA9-D5B8-47A1-8C8C-4A2F8F436542}.Debug|x86.Build.0 = Debug|Win32
		{7C96CAA9-D5B8-47A1-8C8C-4A2F8F436542}.Release|x64.ActiveCfg = Release|x64
		{7C96CAA9-D5B8-47A1-8C8C-4A2F8F436542}.Release|x64.Build.0 = Release|x64
		{7C96CAA9-D5B8-47A1-8C8C-4A2F8F436542}.Release|x86.ActiveCfg = Release|Win32
		{7C96CAA9-D5B8-47A1-8C8C-4A2F8F436542}.Release|x86.Build.0 = Release|Win32
		{D7399405-15A3-41B0-8E54-337FA62AB58C}.Debug|x64.ActiveCfg = Debug|x64
		{D7399405-15A3-41B0-8E54-337FA62AB58C}.Debug|x64.Build.0 = Debug|x64
		{D7399405-15A3-41B0-8E54-337FA62AB58C}.Debug|x86.ActiveCfg = Debug|Win32
		{D7399405-15A3-41B0-8E54-337FA62AB58C}.Debug|x86.Build.0 = Debug|Win32
		{D7399405-15A3-41B0-8E54-337FA62AB58C}.Release|x64.ActiveCfg = Release|x64
		{D7399405-15A3-41B0-8E54-337FA62AB58C}.Release|x64.Build.0 = Release|x64
		{D7399405-15A3-41B0-8E54-337FA62AB58C}.Release|x86.ActiveCfg = Release|Win32
		{D7399405-15A3-41B0-8E54-337FA62AB58C}.Release|x86.Build.0 = Release|Win32
		{101AC15E-5384-463B-9DF3-B9C5A09FCDFC}.Debug|x64.ActiveCfg = Debug|x64
		{101AC15E-5384-463B-9DF3-B9C5A09FCDFC}.Debug|x64.Build.0 = Debug|x64
		{101AC15E-5384-463B-9DF3-B9C5A09FCDFC}.Debug|x86.ActiveCfg = Debug|Win32
		{101AC15E-5384-463B-9DF3-B9C5A09FCDFC}.Debug|x86.Build.0 = Debug|Win32
		{101AC15E-5384-463B-9DF3-B9C5A09FCDFC}.Release|x64.ActiveCfg = Release|x64
		{101AC15E-5384-463B-9DF3-B9C5A09FCDFC}.Release|x64.Build.0 = Release|x64
		{101AC15E-5384-463B-9DF3-B9C5A09FCDFC}.Release|x86.ActiveCfg = Release|Win32
		{101AC15E-5384-463B-9DF3-B9C5A09FCDFC}.Release|x86.Build.0 = Release|Win32
		{70811F88-4591-4934-9D6B-97A087A059C6}.Debug|x64.ActiveCfg = Debug|x64
		{70811F88-4591-4934-9D6B-97A087A059C6}.Debug|x64.Build.0 = Debug|x64
		{70811F88-4591-4934-9D6B-97A087A059C6}.Debug|x86.ActiveCfg = Debug|Win32
		{70811F88-4591-4934-9D6B-97A087A059C6}.Debug|x86.Build.0 = Debug|Win32
		{70811F88-4591-4934-9D6B-97A087A059C6}.Release|x64.ActiveCfg = Release|x64
		{70811F88-4591-4934-9D6B-97A087A059C6}.Release|x64.Build.0 = Release|x64
		{70811F88-4591-4934-9D6B-97A087A059C6}.Release|x86.ActiveCfg = Release|Win32
		{70811F88-4591-4934-9D6B-97A087A059C6}.Release|x86.Build.0 = Release|Win32
		{A9FA8A2A-5B4C-44E2-B447-83BE62397D0E}.Debug|x64.ActiveCfg = Debug|x64
		{A9FA8A2A-5B4C-44E2-B447-83BE62397D0E}.Debug|x64.Build.0 = Debug|x64
		{A9FA8A2A-5B4C-44E2-B447-83BE62397D0E}.Debug|x86.ActiveCfg = Debug|Win32
		{A9FA8A2A-5B4C-44E2-B447-83BE62397D0E}.Debug|x86.Build.0 = Debug|Win32
		{A9FA8A2A-5B4C-44E2-B447-83BE62397D0E}.Release|x64.ActiveCfg = Release|x64
		{A9FA8A2A-5B4C-44E2-B447-83BE62397D0E}.Release|x64.Build.0 = Release|x64
		{A9FA8A2A-5B4C-44E2-B447-83BE62397D0E}.Release|x86.ActiveCfg = Release|Win32
		{A9FA8A2A-5B4C-44E2-B447-83BE62397D0E}.Release|x86.Build.0 = Release|Win32
		{4CF1B77C-051C-4AC5-AC72-912B28EFBB3A}.Debug|x64.ActiveCfg = Debug|x64
		{4CF1B77C-051C-4AC5-AC72-912B28EFBB3A}.Debug|x64.Build.0 = Debug|x64
		{4CF1B77C-051C-4AC5-AC72-912B28EFBB3A}.Debug|x86.ActiveCfg = Debug|Win32
		{4CF1B77C-051C-4AC5-AC72-912B28EFBB3A}.Debug|x86.Build.0 = Debug|Win32
		{4CF1B77C-051C-4AC5-AC72-912B28EFBB3A}.Release|x64.ActiveCfg = Release|x64
		{4CF1B77C-051C-4AC5-AC72-912B28EFBB3A}.Release|x64.Build.0 = Release|x64
		{4CF1B77C-051C-4AC5-AC72-912B28EFBB3A}.Release|x86.ActiveCfg = Release|Win32
		{4CF1B77C-051C-4AC5-AC72-912B28EFBB3A}.Release|x86.Build.0 = Release|Win32
		{7555E46B-318C-4F72-BAE4-029ED6D3698A}.Debug|x64.ActiveCfg = Debug|x64
		{7555E46B-318C-4F72-BAE4-029ED6D3698A}.Debug|x64.Build.0 = Debug|x64
		{7555E46B-318C-4F72-BAE4-029ED6D3698A}.Debug|x86.ActiveCfg = Debug|Win32
		{7555E46B-318C-4F72-BAE4-029ED6D3698A}.Debug|x86.Build.0 = Debug|Win32
		{7555E46B-318C-4F72-BAE4-029ED6D3698A}.Release|x64.ActiveCfg = Release|x64
		{7555E46B-318C-4F72-BAE4-029ED6D3698A}.Release|x64.Build.0 = Release|x64
		{7555E46B-318C-4F72-BAE4-029ED6D3698A}.Release|x86.ActiveCfg = Release|Win32
		{7555E46B-318C-4F72-BAE4-029ED6D3698A}.Release|x86.Build.0 = Release|Win32
		{FD432896-53E6-421B-9691-AA22AB10CE13}.Debug|x64.ActiveCfg = Debug|x64
		{FD432896-53E6-421B-9691-AA22AB10CE13}.Debug|x64.Build.0 = Debug|x64
		{FD432896-53E6-421B-9691-AA22AB10CE13}.Debug|x86.ActiveCfg = Debug|Win32
		{FD432896-53E6-421B-9691-AA22AB10CE13}.Debug|x86.Build.0 = Debug|Win32
		{FD432896-53E6-421B-9691-AA22AB10CE13}.Release|x64.ActiveCfg = Release|x64
		{FD432896-53E6-421B-9691-AA22AB10CE13}.Release|x64.Build.0 = Release|x64
		{FD432896-53E6-421B-9691-AA22AB10CE13}.Release|x86.ActiveCfg = Release|Win32
		{FD432896-53E6-421B-9691-AA22AB10CE13}.Release|x86.Build.0 = Release|Win32
		{B9A7B632-C794-4D8D-A659-6FEFC5553F92}.Debug|x64.ActiveCfg = Debug|x64
		{B9A7B632-C794-4D8D-A659-6FEFC5553F92}.Debug|x64.Build.0 = Debug|x64
		{B9A7B632-C794-4D8D-A659-6FEFC5553F92}.Debug|x86.ActiveCfg = Debug|Win32
		{B9A7B632-C794-4D8D-A659-6FEFC5553F92}.Debug|x86.Build.0 = Debug|Win32
		{B9A7B632-C794-4D8D-A659-6FEFC5553F92}.Release|x64.ActiveCfg = Release|x64
		{B9A7B632-C794-4D8D-A659-6FEFC5553F92}.Release|x64.Build.0 = Release|x64
		{B9A7B632-C794-4D8D-A659-6FEFC5553F92}.Release|x86.ActiveCfg = Release|Win32
		{B9A7B632-C794-4D8D-A659-6FEFC5553F92}.Release|x86.Build.0 = Release|Win32
		{05696EEF-62E6-4D9B-9110-3E798538906F}.Debug|x64.ActiveCfg = Debug|x64
		{05696EEF-62E6-4D9B-9110-3E798538906F}.Debug|x64.Build.0 = Debug|x64
		{05696EEF-62E6-4D9B-9110-3E798538906F}.Debug|x86.ActiveCfg = Debug|Win32
		{05696EEF-62E6-4D9B-9110-3E798538906F}.Debug|x86.Build.0 = Debug|Win32
		{05696EEF-62E6-4D9B-9110-3E798538906F}.Release|x64.ActiveCfg = Release|x64
		{05696EEF-62E6-4D9B-9110-3E798538906F}.Release|x64.Build.0 = Release|x64
		{05696EEF-62E6-4D9B-9110-3E798538906F}.Release|x86.ActiveCfg = Release|Win32
		{05696EEF-62E6-4D9B-9110-3E798538906F}.Release|x86.Build.0 = Release|Win32
		{50FD8E79-2633-415B-8D8A-DB3872458BFA}.Debug|x64.ActiveCfg = Debug|x64
		{50FD8E79-2633-415B-8D8A-DB3872458BFA}.Debug|x64.Build.0 = Debug|x64
		{50FD8E79-2633-415B-8D8A-DB3872458BFA}.Debug|x86.ActiveCfg = Debug|Win32
		{50FD8E79-2633-415B-8D8A-DB3872458BFA}.Debug|x86.Build.0 = Debug|Win32
		{50FD8E79-2633-415B-8D8A-DB3872458BFA}.Release|x64.ActiveCfg = Release|x64
		{50FD8E79-2633-415B-8D8A-DB3872458BFA}.Release|x64.Build.0 = Release|x64
		{50FD8E79-2633-415B-8D8A-DB3872458BFA}.Release|x86.ActiveCfg = Release|Win32
		{50FD8E79-2633-415B-8D8A-DB3872458BFA}.Release|x86.Build.0 = Release|Win32
		{CC1F4C90-D658-4584-A29D-96ECCFB2500B}.Debug|x64.ActiveCfg = Debug|x64
		{CC1F4C90-D658-4584-A29D-96ECCFB2500B}.Debug|x64.Build.0 = Debug|x64
		{CC1F4C90-D658-4584-A29D-96ECCFB2500B}.Debug|x86.ActiveCfg = Debug|Win32
		{CC1F4C90-D658-4584-A29D-96ECCFB2500B}.Debug|x86.Build.0 = Debug|Win32
		{CC1F4C90-D658-4584-A29D-96ECCFB2500B}.Release|x64.ActiveCfg = Release|x64
		{CC1F4C90-D658-4584-A29D-96ECCFB2500B}.Release|x64.Build.0 = Release|x64
		{CC1F4C90-D658-4584-A29D-96ECCFB2500B}.Release|x86.ActiveCfg = Release|Win32
		{CC1F4C90-D658-4584-A29D-96ECCFB2500B}.Release|x86.Build.0 = Release|Win32
		{7F61119D-F5DD-4639-9DB7-E69D7D1D478A}.Debug|x64.ActiveCfg = Debug|x64
		{7F61119D-F5DD-4639-9DB7-E69D7D1D478A}.Debug|x64.Build.0 = Debug|x64
		{7F61119D-F5DD-4639-9DB7-E69D7D1D478A}.Debug|x86.ActiveCfg = Debug|Win32
		{7F61119D-F5DD-4639-9DB7-E69D7D1D478A}.Debug|x86.Build.0 = Debug|Win32
		{7F61119D-F5DD-4639-9DB7-E69D7D1D478A}.Release|x64.ActiveCfg = Release|x64
		{7F61119D-F5DD-4639-9DB7-E69D7D1D478A}.Release|x64.Build.0 = Release|x64
		{7F61119D-F5DD-4639-9DB7-E69D7D1D478A}.Release|x86.ActiveCfg = Release|Win32
		{7F61119D-F5DD-4639-9DB7-E69D7D1D478A}.Release|x86.Build.0 = Release|Win32
		{6281DB87-8EFF-4DC3-BAB7-8959CACC44A6}.Debug|x64.ActiveCfg = Debug|x64
		{6281DB87-8EFF-4DC3-BAB7-8959CACC44A6}.Debug|x64.Build.0 = Debug|x64
		{6281DB87-8EFF-4DC3-BAB7-8959CACC44A6}.Debug|x86.ActiveCfg = Debug|Win32
		{6281DB87-8EFF-4DC3-BAB7-8959CACC44A6}.Debug|x86.Build.0 = Debug|Win32
		{6281DB87-8EFF-4DC3-BAB7-8959CACC44A6}.Release|x64.ActiveCfg = Release|x64
		{6281DB87-8EFF-4DC3-BAB7-8959CACC44A6}.Release|x64.Build.0 = Release|x64
		{6281DB87-8EFF-4DC3-BAB7-8959CACC44A6}.Release|x86.ActiveCfg = Release|Win32
		{6281DB87-8EFF-4DC3-BAB7-8959CACC44A6}.Release|x86.Build.0 = Release|Win32
		{EBCA844E-4538-4F79-AD65-A5D45E89585C}.Debug|x64.ActiveCfg = Debug|x64
		{EBCA844E-4538-4F79-AD65-A5D45E89585C}.Debug|x64.Build.0 = Debug|x64
		{EBCA844E-4538-4F79-AD65-A5D45E89585C}.Debug|x86.ActiveCfg = Debug|Win32
		{EBCA844E-4538-4F79-AD65-A5D45E89585C}.Debug|x86.Build.0 = Debug|Win32
		{EBCA844E-4538-4F79-AD65-A5D45E89585C}.Release|x64.ActiveCfg = Release|x64
		{EBCA844E-4538-4F79-AD65-A5D45E89585C}.Release|x64.Build.0 = Release|x64
		{EBCA844E-4538-4F79-AD65-A5D45E89585C}.Release|x86.ActiveCfg = Release|Win32
		{EBCA844E-4538-4F79-AD65-A5D45E89585C}.Release|x86.Build.0 = Release|Win32
		{27200C92-75BD-4CF0-98F5-27535A2B6415}.Debug|x64.ActiveCfg = Debug|x64
		{27200C92-75BD-4CF0-98F5-27535A2B6415}.Debug|x64.Build.0 = Debug|x64
		{27200C92-75BD-4CF0-98F5-27535A2B6415}.Debug|x86.ActiveCfg = Debug|Win32
		{27200C92-75BD-4CF0-98F5-27535A2B6415}.Debug|x86.Build.0 = Debug|Win32
		{27200C92-75BD-4CF0-98F5-27535A2B6415}.Release|x64.ActiveCfg = Release|x64
		{27200C92-75BD-4CF0-98F5-27535A2B6415}.Release|x64.Build.0 = Release|x64
		{27200C92-75BD-4CF0-98F5-27535A2B6415}.Release|x86.ActiveCfg = Release|Win32
		{27200C92-75BD-4CF0-98F5-27535A2B6415}.Release|x86.Build.0 = Release|Win32
		{46F0A546-49A5-4D9B-B260-3035ACF2B3E6}.Debug|x64.ActiveCfg = Debug|x64
		{46F0A546-49A5-4D9B-B260-3035ACF2B3E6}.Debug|x64.Build.0 = Debug|x64
		{46F0A546-49A5-4D9B-B260-3035ACF2B3E6}.Debug|x86.ActiveCfg = Debug|Win32
		{46F0A546-49A5-4D9B-B260-3035ACF2B3E6}.Debug|x86.Build.0 = Debug|Win32
		{46F0A546-49A5-4D9B-B260-3035ACF2B3E6}.Release|x64.ActiveCfg = Release|x64
		{46F0A546-49A5-4D9B-B260-3035ACF2B3E6}.Release|x64.Build.0 = Release|x64
		{46F0A546-49A5-4D9B-B260-3035ACF2B3E6}.Release|x86.ActiveCfg = Release|Win32
		{46F0A546-49A5-4D9B-B260-3035ACF2B3E6}.Release|x86.Build.0 = Release|Win32
		{2F432EC4-AD31-4E5D-A64F-776FE71F4C0B}.Debug|x64.ActiveCfg = Debug|x64
		{2F432EC4-AD31-4E5D-A64F-776FE71F4C0B}.Debug|x64.Build.0 = Debug|x64
		{2F432EC4-AD31-4E5D-A64F-776FE71F4C0B}.Debug|x86.ActiveCfg = Debug|Win32
		{2F432EC4-AD31-4E5D-A64F-776FE71F4C0B}.Debug|x86.Build.0 = Debug|Win32
		{2F432EC4-AD31-4E5D-A64F-776FE71F4C0B}.Release|x64.ActiveCfg = Release|x64
		{2F432EC4-AD31-4E5D-A64F-776FE71F4C0B}.Release|x64.Build.0 = Release|x64
		{2F432EC4-AD31-4E5D-A64F-776FE71F4C0B}.Release|x86.ActiveCfg = Release|Win32
		{2F432EC4-AD31-4E5D-A64F-776FE71F4C0B}.Release|x86.Build.0 = Release|Win32
		{A2258A6D-3427-4ADA-A24E-D59B2F86BF61}.Debug|x64.ActiveCfg = Debug|x64
		{A2258A6D-3427-4ADA-A24E-D59B2F86BF61}.Debug|x64.Build.0 = Debug|x64
		{A2258A6D-3427-4ADA-A24E-D59B2F86BF61}.Debug|x86.ActiveCfg = Debug|Win32
		{A2258A6D-3427-4ADA-A24E-D59B2F86BF61}.Debug|x86.Build.0 = Debug|Win32
		{A2258A6D-3427-4ADA-A24E-D59B2F86BF61}.Release|x64.ActiveCfg = Release|x64
		{A2258A6D-3427-4ADA-A24E-D59B2F86BF61}.Release|x64.Build.0 = Release|x64
		{A2258A6D-3427-4ADA-A24E-D59B2F86BF61}.Release|x86.ActiveCfg = Release|Win32
		{A2258A6D-3427-4ADA-A24E-D59B2F86BF61}.Release|x86.Build.0 = Release|Win32
		{577EC648-4C4F-4143-AA2B-F191DDE39206}.Debug|x64.ActiveCfg = Debug|x64
		{577EC648-4C4F-4143-AA2B-F191DDE39206}.Debug|x64.Build.0 = Debug|x64
		{577EC648-4C4F-4143-AA2B-F191DDE39206}.Debug|x86.ActiveCfg = Debug|Win32
		{577EC648-4C4F-4143-AA2B-F191DDE39206}.Debug|x86.Build.0 = Debug|Win32
		{577EC648-4C4F-4143-AA2B-F191DDE39206}.Release|x64.ActiveCfg = Release|x64
		{577EC648-4C4F-4143-AA2B-F191DDE39206}.Release|x64.Build.0 = Release|x64
		{577EC648-4C4F-4143-AA2B-F191DDE39206}.Release|x86.ActiveCfg = Release|Win32
		{577EC648-4C4F-4143-AA2B-F191DDE39206}.Release|x86.Build.0 = Release|Win32
		{AB6FD9DC-3DEF-4D7F-8560-9B703D4A19DC}.Debug|x64.ActiveCfg = Debug|x64
		{AB6FD9DC-3DEF-4D7F-8560-9B703D4A19DC}.Debug|x64.Build.0 = Debug|x64
		{AB6FD9DC-3DEF-4D7F-8560-9B703D4A19DC}.Debug|x86.ActiveCfg = Debug|Win32
		{AB6FD9DC-3DEF-4D7F-8560-9B703D4A19DC}.Debug|x86.Build.0 = Debug|Win32
		{AB6FD9DC-3DEF-4D7F-8560-9B703D4A19DC}.Release|x64.ActiveCfg = Release|x64
		{AB6FD9DC-3DEF-4D7F-8560-9B703D4A19DC}.Release|x64.Build.0 = Release|x64
		{AB6FD9DC-3DEF-4D7F-8560-9B703D4A19DC}.Release|x86.ActiveCfg = Release|Win32
		{AB6FD9DC-3DEF-4D7F-8560-9B703D4A19DC}.Release|x86.Build.0 = Release|Win32
		{45353CDD-E4FD-44BA-94E8-6E1205EB9DA4}.Debug|x64.ActiveCfg = Debug|x64
		{45353CDD-E4FD-44BA-94E8-6E1205EB9DA4}.Debug|x64.Build.0 = Debug|x64
		{45353CDD-E4FD-44BA-94E8-6E1205EB9DA4}.Debug|x86.ActiveCfg = Debug|Win32
		{45353CDD-E4FD-44BA-94E8-6E1205EB9DA4}.Debug|x86.Build.0 = Debug|Win32
		{45353CDD-E4FD-44BA-94E8-6E1205EB9DA4}.Release|x64.ActiveCfg = Release|x64
		{45353CDD-E4FD-44BA-94E8-6E1205EB9DA4}.Release|x64.Build.0 = Release|x64
		{45353CDD-E4FD-44BA-94E8-6E1205EB9DA4}.Release|x86.ActiveCfg = Release|Win32
		{45353CDD-E4FD-44BA-94E8-6E1205EB9DA4}.Release|x86.Build.0 = Release|Win32
		{73F8BC97-9348-4D6A-88A0-81121E528FA8}.Debug|x64.ActiveCfg = Debug|x64
		{73F8BC97-9348-4D6A-88A0-81121E528FA8}.Debug|x64.Build.0 = Debug|x64
		{73F8BC97-9348-4D6A-88A0-81121E528FA8}.Debug|x86.ActiveCfg = Debug|Win32
		{73F8BC97-9348-4D6A-88A0-81121E528FA8}.Debug|x86.Build.0 = Debug|Win32
		{73F8BC97-9348-4D6A-88A0-81121E528FA8}.Release|x64.ActiveCfg = Release|x64
		{73F8BC97-9348-4D6A-88A0-81121E528FA8}.Release|x64.Build.0 = Release|x64
		{73F8BC97-9348-4D6A-88A0-81121E528FA8}.Release|x86.ActiveCfg = Release|Win32
		{73F8BC97-9348-4D6A-88A0-81121E528FA8}.Release|x86.Build.0 = Release|Win32
		{6F1437F2-99EE-43C3-A9F7-CF93B9E207F7}.Debug|x64.ActiveCfg = Debug|x64
		{6F1437F2-99EE-43C3-A9F7-CF93B9E207F7}.Debug|x64.Build.0 = Debug|x64
		{6F1437F2-99EE-43C3-A9F7-CF93B9E207F7}.Debug|x86.ActiveCfg = Debug|Win32
		{6F1437F2-99EE-43C3-A9F7-CF93B9E207F7}.Debug|x86.Build.0 = Debug|Win32
		{6F1437F2-99EE-43C3-A9F7-CF93B9E207F7}.Release|x64.ActiveCfg = Release|x64
		{6F1437F2-99EE-43C3-A9F7-CF93B9E207F7}.Release|x64.Build.0 = Release|x64
		{6F1437F2-99EE-43C3-A9F7-CF93B9E207F7}.Release|x86.ActiveCfg = Release|Win32
		{6F1437F2-99EE-43C3-A9F7-CF93B9E207F7}.Release|x86.Build.0 = Release|Win32
		{71EF7816-BA40-46DD-AC8A-386A14E89857}.Debug|x64.ActiveCfg = Debug|x64
		{71EF7816-BA40-46DD-AC8A-386A14E89857}.Debug|x64.Build.0 = Debug|x64
		{71EF7816-BA40-46DD-AC8A-386A14E89857}.Debug|x86.ActiveCfg = Debug|Win32
		{71EF7816-BA40-46DD-AC8A-386A14E89857}.Debug|x86.Build.0 = Debug|Win32
		{71EF7816-BA40-46DD-AC8A-386A14E89857}.Release|x64.ActiveCfg = Release|x64
		{71EF7816-BA40-46DD-AC8A-386A14E89857}.Release|x64.Build.0 = Release|x64
		{71EF7816-BA40-46DD-AC8A-386A14E89857}.Release|x86.ActiveCfg = Release|Win32
		{71EF7816-BA40-46DD-AC8A-386A14E89857}.Release|x86.Build.0 = Release|Win32
		{2EF9F0C6-B94D-4FDD-B366-6DC1C6083CA4}.Debug|x64.ActiveCfg = Debug|x64
		{2EF9F0C6-B94D-4FDD-B366-6DC1C6083CA4}.Debug|x64.Build.0 = Debug|x64
		{2EF9F0C6-B94D-4FDD-B366-6DC1C6083CA4}.Debug|x86.ActiveCfg = Debug|Win32
		{2EF9F0C6-B94D-4FDD-B366-6DC1C6083CA4}.Debug|x86.Build.0 = Debug|Win32
		{2EF9F0C6-B94D-4FDD-B366-6DC1C6083CA4}.Release|x64.ActiveCfg = Release|x64
		{2EF9F0C6-B94D-4FDD-B366-6DC1C6083CA4}.Release|x64.Build.0 = Release|x64
		{2EF9F0C6-B94D-4FDD-B366-6DC1C6083CA4}.Release|x86.ActiveCfg = Release|Win32
		{2EF9F0C6-B94D-4FDD-B366-6DC1C6083CA4}.Release|x86.Build.0 = Release|Win32
		{01FE2128-ED96-4D3E-A97C-6A8F3BCC525E}.Debug|x64.ActiveCfg = Debug|x64
		{01FE2128-ED96-4D3E-A97C-6A8F3BCC525E}.Debug|x64.Build.0 = Debug|x64
		{01FE2128-ED96-4D3E-A97C-6A8F3BCC525E}.Debug|x86.ActiveCfg = Debug|Win32
		{01FE2128-ED96-4D3E-A97C-6A8F3BCC525E}.Debug|x86.Build.0 = Debug|Win32
		{01FE2128-ED96-4D3E-A97C-6A8F3BCC525E}.Release|x64.ActiveCfg = Release|x64
		{01FE2128-ED96-4D3E-A97C-6A8F3BCC525E}.Release|x64.Build.0 = Release|x64
		{01FE2128-ED96-4D3E-A97C-6A8F3BCC525E}.Release|x86.ActiveCfg = Release|Win32
		{01FE2128-ED96-4D3E-A97C-6A8F3BCC525E}.Release|x86.Build.0 = Release|Win32
		{35B382F6-A167-46FE-8489-ABC448C67497}.Debug|x64.ActiveCfg = Debug|x64
		{35B382F6-A167-46FE-8489-ABC448C67497}.Debug|x64.Build.0 = Debug|x64
		{35B382F6-A167-46FE-8489-ABC448C67497}.Debug|x86.ActiveCfg = Debug|Win32
		{35B382F6-A167-46FE-8489-ABC448C67497}.Debug|x86.Build.0 = Debug|Win32
		{35B382F6-A167-46FE-8489-ABC448C67497}.Release|x64.ActiveCfg = Release|x64
		{35B382F6-A167-46FE-8489-ABC448C67497}.Release|x64.Build.0 = Release|x64
		{35B382F6-A167-46FE-8489-ABC448C67497}.Release|x86.ActiveCfg = Release|Win32
		{35B382F6-A167-46FE-8489-ABC448C67497}.Release|x86.Build.0 = Release|Win32
		{3E7BFC2C-93D3-4921-9394-9EBDC28BDE23}.Debug|x64.ActiveCfg = Debug|x64
		{3E7BFC2C-93D3-4921-9394-9EBDC28BDE23}.Debug|x64.Build.0 = Debug|x64
		{3E7BFC2C-93D3-4921-9394-9EBDC28BDE23}.Debug|x86.ActiveCfg = Debug|Win32
		{3E7BFC2C-93D3-4921-9394-9EBDC28BDE23}.Debug|x86.Build.0 = Debug|Win32
		{3E7BFC2C-93D3-4921-9394-9EBDC28BDE23}.Release|x64.ActiveCfg = Release|x64
		{3E7BFC2C-93D3-4921-9394-9EBDC28BDE23}.Release|x64.Build.0 = Release|x64
		{3E7BFC2C-93D3-4921-9394-9EBDC28BDE23}.Release|x86.ActiveCfg = Release|Win32
		{3E7BFC2C-93D3-4921-9394-9EBDC28BDE23}.Release|x86.Build.0 = Release|Win32
		{9ABFE8FA-01B5-43C2-80DE-67ACECF3C14D}.Debug|x64.ActiveCfg = Debug|x64
		{9ABFE8FA-01B5-43C2-80DE-67ACECF3C14D}.Debug|x64.Build.0 = Debug|x64
		{9ABFE8FA-01B5-43C2-80DE-67ACECF3C14D}.Debug|x86.ActiveCfg = Debug|Win32
		{9ABFE8FA-01B5-43C2-80DE-67ACECF3C14D}.Debug|x86.Build.0 = Debug|Win32
		{9ABFE8FA-01B5-43C2-80DE-67ACECF3C14D}.Release|x64.ActiveCfg = Release|x64
		{9ABFE8FA-01B5-43C2-80DE-67ACECF3C14D}.Release|x64.Build.0 = Release|x64
		{9ABFE8FA-01B5-43C2-80DE-67ACECF3C14D}.Release|x86.ActiveCfg = Release|Win32
		{9ABFE8FA-01B5-43C2-80DE-67ACECF3C14D}.Release|x86.Build.0 = Release|Win32
		{42266853-929E-4D3E-BBEA-67B9248E8B34}.Debug|x64.ActiveCfg = Debug|x64
		{42266853-929E-4D3E-BBEA-67B9248E8B34}.Debug|x64.Build.0 = Debug|x64
		{42266853-929E-4D3E-BBEA-67B9248E8B34}.Debug|x86.ActiveCfg = Debug|Win32
		{42266853-929E-4D3E-BBEA-67B9248E8B34}.Debug|x86.Build.0 = Debug|Win32
		{42266853-929E-4D3E-BBEA-67B9248E8B34}.Release|x64.ActiveCfg = Release|x64
		{42266853-929E-4D3E-BBEA-67B9248E8B34}.Release|x64.Build.0 = Release|x64
		{42266853-929E-4D3E-BBEA-67B9248E8B34}.Release|x86.ActiveCfg = Release|Win32
		{42266853-929E-4D3E-BBEA-67B9248E8B34}.Release|x86.Build.0 = Release|Win32
		{36A973D4-79E7-4F4E-B26D-B6A5CFCD1B04}.Debug|x64.ActiveCfg = Debug|x64
		{36A973D4-79E7-4F4E-B26D-B6A5CFCD1B04}.Debug|x64.Build.0 = Debug|x64
		{36A973D4-79E7-4F4E-B26D-B6A5CFCD1B04}.Debug|x86.ActiveCfg = Debug|Win32
		{36A973D4-79E7-4F4E-B26D-B6A5CFCD1B04}.Debug|x86.Build.0 = Debug|Win32
		{36A973D4-79E7-4F4E-B26D-B6A5CFCD1B04}.Release|x64.ActiveCfg = Release|x64
		{36A973D4-79E7-4F4E-B26D-B6A5CFCD1B04}.Release|x64.Build.0 = Release|x64
		{36A973D4-79E7-4F4E-B26D-B6A5CFCD1B04}.Release|x86.ActiveCfg = Release|Win32
		{36A973D4-79E7-4F4E-B26D-B6A5CFCD1B04}.Release|x86.Build.0 = Release|Win32
		{3B40117C-D0FD-44FE-B3AE-B34A46E88506}.Debug|x64.ActiveCfg = Debug|x64
		{3B40117C-D0FD-44FE-B3AE-B34A46E88506}.Debug|x64.Build.0 = Debug|x64
		{3B40117C-D0FD-44FE-B3AE-B34A46E88506}.Debug|x86.ActiveCfg = Debug|Win32
		{3B40117C-D0FD-44FE-B3AE-B34A46E88506}.Debug|x86.Build.0 = Debug|Win32
		{3B40117C-D0FD-44FE-B3AE-B34A46E88506}.Release|x64.ActiveCfg = Release|x64
		{3B40117C-D0FD-44FE-B3AE-B34A46E88506}.Release|x64.Build.0 = Release|x64
		{3B40117C-D0FD-44FE-B3AE-B34A46E88506}.Release|x86.ActiveCfg = Release|Win32
		{3B40117C-D0FD-44FE-B3AE-B34A46E88506}.Release|x86.Build.0 = Release|Win32
		{B3897CB8-A6D3-4FB5-9127-0BDE8969C255}.Debug|x64.ActiveCfg = Debug|x64
		{B3897CB8-A6D3-4FB5-9127-0BDE8969C255}.Debug|x64.Build.0 = Debug|x64
		{B3897CB8-A6D3-4FB5-9127-0BDE8969C255}.Debug|x86.ActiveCfg = Debug|Win32
		{B3897CB8-A6D3-4FB5-9127-0BDE8969C255}.Debug|x86.Build.0 = Debug|Win32
		{B3897CB8-A6D3-4FB5-9127-0BDE8969C255}.Release|x64.ActiveCfg = Release|x64
		{B3897CB8-A6D3-4FB5-9127-0BDE8969C255}.Release|x64.Build.0 = Release|x64
		{B3897CB8-A6D3-4FB5-9127-0BDE8969C255}.Release|x86.ActiveCfg = Release|Win32
		{B3897CB8-A6D3-4FB5-9127-0BDE8969C255}.Release|x86.Build.0 = Release|Win32
	EndGlobalSection
	GlobalSection(SolutionProperties) = preSolution
		HideSolutionNode = FALSE
	EndGlobalSection
	GlobalSection(ExtensibilityGlobals) = postSolution
		SolutionGuid = {CB7F611B-A338-4B54-8DFA-352E2FF75483}
	EndGlobalSection
EndGlobal
